
Microsoft Visual Studio Solution File, Format Version 12.00
# Visual Studio Version 16
VisualStudioVersion = 16.0.30907.101
MinimumVisualStudioVersion = 10.0.40219.1
Project("{FAE04EC0-301F-11D3-BF4B-00C04F79EFBC}") = "QuanLyNhaDat", "QuanLyNhaDat\QuanLyNhaDat.csproj", "{45B1EBE4-73A4-442F-828F-71B519DF270A}"
EndProject
Global
	GlobalSection(SolutionConfigurationPlatforms) = preSolution
		Debug|Any CPU = Debug|Any CPU
		Release|Any CPU = Release|Any CPU
	EndGlobalSection
	GlobalSection(ProjectConfigurationPlatforms) = postSolution
		{45B1EBE4-73A4-442F-828F-71B519DF270A}.Debug|Any CPU.ActiveCfg = Debug|Any CPU
		{45B1EBE4-73A4-442F-828F-71B519DF270A}.Debug|Any CPU.Build.0 = Debug|Any CPU
		{45B1EBE4-73A4-442F-828F-71B519DF270A}.Release|Any CPU.ActiveCfg = Release|Any CPU
		{45B1EBE4-73A4-442F-828F-71B519DF270A}.Release|Any CPU.Build.0 = Release|Any CPU
	EndGlobalSection
	GlobalSection(SolutionProperties) = preSolution
		HideSolutionNode = FALSE
	EndGlobalSection
	GlobalSection(ExtensibilityGlobals) = postSolution
		SolutionGuid = {649838FF-369F-4AFA-BAE8-C5162E4E3A50}
	EndGlobalSection
EndGlobal
